// !$*UTF8*$!
{
	archiveVersion = 1;
	classes = {
	};
	objectVersion = 50;
	objects = {

/* Begin PBXBuildFile section */
		8105723B228B1719004F14C8 /* AppDelegate.swift in Sources */ = {isa = PBXBuildFile; fileRef = 8105723A228B1719004F14C8 /* AppDelegate.swift */; };
		81057240228B1719004F14C8 /* Main.storyboard in Resources */ = {isa = PBXBuildFile; fileRef = 8105723E228B1719004F14C8 /* Main.storyboard */; };
		81057242228B171A004F14C8 /* Assets.xcassets in Resources */ = {isa = PBXBuildFile; fileRef = 81057241228B171A004F14C8 /* Assets.xcassets */; };
		81057245228B171A004F14C8 /* LaunchScreen.storyboard in Resources */ = {isa = PBXBuildFile; fileRef = 81057243228B171A004F14C8 /* LaunchScreen.storyboard */; };
		8105724D228B1980004F14C8 /* HomeViewController.swift in Sources */ = {isa = PBXBuildFile; fileRef = 8105724C228B1980004F14C8 /* HomeViewController.swift */; };
		8105724F228B198A004F14C8 /* SideViewController.swift in Sources */ = {isa = PBXBuildFile; fileRef = 8105724E228B198A004F14C8 /* SideViewController.swift */; };
		81057251228B1AD1004F14C8 /* MainTongViewController.swift in Sources */ = {isa = PBXBuildFile; fileRef = 81057250228B1AD1004F14C8 /* MainTongViewController.swift */; };
		81057253228B29CE004F14C8 /* d.png in Resources */ = {isa = PBXBuildFile; fileRef = 81057252228B29CD004F14C8 /* d.png */; };
		81057255228B338A004F14C8 /* Person.swift in Sources */ = {isa = PBXBuildFile; fileRef = 81057254228B338A004F14C8 /* Person.swift */; };
/* End PBXBuildFile section */

/* Begin PBXFileReference section */
		81057237228B1719004F14C8 /* SideMenuClosure.app */ = {isa = PBXFileReference; explicitFileType = wrapper.application; includeInIndex = 0; path = SideMenuClosure.app; sourceTree = BUILT_PRODUCTS_DIR; };
		8105723A228B1719004F14C8 /* AppDelegate.swift */ = {isa = PBXFileReference; lastKnownFileType = sourcecode.swift; path = AppDelegate.swift; sourceTree = "<group>"; };
		8105723F228B1719004F14C8 /* Base */ = {isa = PBXFileReference; lastKnownFileType = file.storyboard; name = Base; path = Base.lproj/Main.storyboard; sourceTree = "<group>"; };
		81057241228B171A004F14C8 /* Assets.xcassets */ = {isa = PBXFileReference; lastKnownFileType = folder.assetcatalog; path = Assets.xcassets; sourceTree = "<group>"; };
		81057244228B171A004F14C8 /* Base */ = {isa = PBXFileReference; lastKnownFileType = file.storyboard; name = Base; path = Base.lproj/LaunchScreen.storyboard; sourceTree = "<group>"; };
		81057246228B171A004F14C8 /* Info.plist */ = {isa = PBXFileReference; lastKnownFileType = text.plist.xml; path = Info.plist; sourceTree = "<group>"; };
		8105724C228B1980004F14C8 /* HomeViewController.swift */ = {isa = PBXFileReference; lastKnownFileType = sourcecode.swift; path = HomeViewController.swift; sourceTree = "<group>"; };
		8105724E228B198A004F14C8 /* SideViewController.swift */ = {isa = PBXFileReference; lastKnownFileType = sourcecode.swift; path = SideViewController.swift; sourceTree = "<group>"; };
		81057250228B1AD1004F14C8 /* MainTongViewController.swift */ = {isa = PBXFileReference; lastKnownFileType = sourcecode.swift; path = MainTongViewController.swift; sourceTree = "<group>"; };
		81057252228B29CD004F14C8 /* d.png */ = {isa = PBXFileReference; lastKnownFileType = image.png; path = d.png; sourceTree = "<group>"; };
		81057254228B338A004F14C8 /* Person.swift */ = {isa = PBXFileReference; lastKnownFileType = sourcecode.swift; path = Person.swift; sourceTree = "<group>"; };
/* End PBXFileReference section */

/* Begin PBXFrameworksBuildPhase section */
		81057234228B1719004F14C8 /* Frameworks */ = {
			isa = PBXFrameworksBuildPhase;
			buildActionMask = 2147483647;
			files = (
			);
			runOnlyForDeploymentPostprocessing = 0;
		};
/* End PBXFrameworksBuildPhase section */

/* Begin PBXGroup section */
		8105722E228B1719004F14C8 = {
			isa = PBXGroup;
			children = (
				81057239228B1719004F14C8 /* SideMenuClosure */,
				81057238228B1719004F14C8 /* Products */,
			);
			sourceTree = "<group>";
		};
		81057238228B1719004F14C8 /* Products */ = {
			isa = PBXGroup;
			children = (
				81057237228B1719004F14C8 /* SideMenuClosure.app */,
			);
			name = Products;
			sourceTree = "<group>";
		};
		81057239228B1719004F14C8 /* SideMenuClosure */ = {
			isa = PBXGroup;
			children = (
				8105723A228B1719004F14C8 /* AppDelegate.swift */,
				81057250228B1AD1004F14C8 /* MainTongViewController.swift */,
				8105723E228B1719004F14C8 /* Main.storyboard */,
				8105724C228B1980004F14C8 /* HomeViewController.swift */,
				8105724E228B198A004F14C8 /* SideViewController.swift */,
				81057254228B338A004F14C8 /* Person.swift */,
				81057241228B171A004F14C8 /* Assets.xcassets */,
				81057252228B29CD004F14C8 /* d.png */,
				81057243228B171A004F14C8 /* LaunchScreen.storyboard */,
				81057246228B171A004F14C8 /* Info.plist */,
			);
			path = SideMenuClosure;
			sourceTree = "<group>";
		};
/* End PBXGroup section */

/* Begin PBXNativeTarget section */
		81057236228B1719004F14C8 /* SideMenuClosure */ = {
			isa = PBXNativeTarget;
			buildConfigurationList = 81057249228B171A004F14C8 /* Build configuration list for PBXNativeTarget "SideMenuClosure" */;
			buildPhases = (
				81057233228B1719004F14C8 /* Sources */,
				81057234228B1719004F14C8 /* Frameworks */,
				81057235228B1719004F14C8 /* Resources */,
			);
			buildRules = (
			);
			dependencies = (
			);
			name = SideMenuClosure;
			productName = SideMenuClosure;
			productReference = 81057237228B1719004F14C8 /* SideMenuClosure.app */;
			productType = "com.apple.product-type.application";
		};
/* End PBXNativeTarget section */

/* Begin PBXProject section */
		8105722F228B1719004F14C8 /* Project object */ = {
			isa = PBXProject;
			attributes = {
				LastSwiftUpdateCheck = 1020;
				LastUpgradeCheck = 1020;
				ORGANIZATIONNAME = Boss;
				TargetAttributes = {
					81057236228B1719004F14C8 = {
						CreatedOnToolsVersion = 10.2;
					};
				};
			};
			buildConfigurationList = 81057232228B1719004F14C8 /* Build configuration list for PBXProject "SideMenuClosure" */;
			compatibilityVersion = "Xcode 9.3";
			developmentRegion = en;
			hasScannedForEncodings = 0;
			knownRegions = (
				en,
				Base,
			);
			mainGroup = 8105722E228B1719004F14C8;
			productRefGroup = 81057238228B1719004F14C8 /* Products */;
			projectDirPath = "";
			projectRoot = "";
			targets = (
				81057236228B1719004F14C8 /* SideMenuClosure */,
			);
		};
/* End PBXProject section */

/* Begin PBXResourcesBuildPhase section */
		81057235228B1719004F14C8 /* Resources */ = {
			isa = PBXResourcesBuildPhase;
			buildActionMask = 2147483647;
			files = (
				81057253228B29CE004F14C8 /* d.png in Resources */,
				81057245228B171A004F14C8 /* LaunchScreen.storyboard in Resources */,
				81057242228B171A004F14C8 /* Assets.xcassets in Resources */,
				81057240228B1719004F14C8 /* Main.storyboard in Resources */,
			);
			runOnlyForDeploymentPostprocessing = 0;
		};
/* End PBXResourcesBuildPhase section */

/* Begin PBXSourcesBuildPhase section */
		81057233228B1719004F14C8 /* Sources */ = {
			isa = PBXSourcesBuildPhase;
			buildActionMask = 2147483647;
			files = (
				81057255228B338A004F14C8 /* Person.swift in Sources */,
				81057251228B1AD1004F14C8 /* MainTongViewController.swift in Sources */,
				8105723B228B1719004F14C8 /* AppDelegate.swift in Sources */,
				8105724D228B1980004F14C8 /* HomeViewController.swift in Sources */,
				8105724F228B198A004F14C8 /* SideViewController.swift in Sources */,
			);
			runOnlyForDeploymentPostprocessing = 0;
		};
/* End PBXSourcesBuildPhase section */

/* Begin PBXVariantGroup section */
		8105723E228B1719004F14C8 /* Main.storyboard */ = {
			isa = PBXVariantGroup;
			children = (
				8105723F228B1719004F14C8 /* Base */,
			);
			name = Main.storyboard;
			sourceTree = "<group>";
		};
		81057243228B171A004F14C8 /* LaunchScreen.storyboard */ = {
			isa = PBXVariantGroup;
			children = (
				81057244228B171A004F14C8 /* Base */,
			);
			name = LaunchScreen.storyboard;
			sourceTree = "<group>";
		};
/* End PBXVariantGroup section */

/* Begin XCBuildConfiguration section */
		81057247228B171A004F14C8 /* Debug */ = {
			isa = XCBuildConfiguration;
			buildSettings = {
				ALWAYS_SEARCH_USER_PATHS = NO;
				CLANG_ANALYZER_NONNULL = YES;
				CLANG_ANALYZER_NUMBER_OBJECT_CONVERSION = YES_AGGRESSIVE;
				CLANG_CXX_LANGUAGE_STANDARD = "gnu++14";
				CLANG_CXX_LIBRARY = "libc++";
				CLANG_ENABLE_MODULES = YES;
				CLANG_ENABLE_OBJC_ARC = YES;
				CLANG_ENABLE_OBJC_WEAK = YES;
				CLANG_WARN_BLOCK_CAPTURE_AUTORELEASING = YES;
				CLANG_WARN_BOOL_CONVERSION = YES;
				CLANG_WARN_COMMA = YES;
				CLANG_WARN_CONSTANT_CONVERSION = YES;
				CLANG_WARN_DEPRECATED_OBJC_IMPLEMENTATIONS = YES;
				CLANG_WARN_DIRECT_OBJC_ISA_USAGE = YES_ERROR;
				CLANG_WARN_DOCUMENTATION_COMMENTS = YES;
				CLANG_WARN_EMPTY_BODY = YES;
				CLANG_WARN_ENUM_CONVERSION = YES;
				CLANG_WARN_INFINITE_RECURSION = YES;
				CLANG_WARN_INT_CONVERSION = YES;
				CLANG_WARN_NON_LITERAL_NULL_CONVERSION = YES;
				CLANG_WARN_OBJC_IMPLICIT_RETAIN_SELF = YES;
				CLANG_WARN_OBJC_LITERAL_CONVERSION = YES;
				CLANG_WARN_OBJC_ROOT_CLASS = YES_ERROR;
				CLANG_WARN_RANGE_LOOP_ANALYSIS = YES;
				CLANG_WARN_STRICT_PROTOTYPES = YES;
				CLANG_WARN_SUSPICIOUS_MOVE = YES;
				CLANG_WARN_UNGUARDED_AVAILABILITY = YES_AGGRESSIVE;
				CLANG_WARN_UNREACHABLE_CODE = YES;
				CLANG_WARN__DUPLICATE_METHOD_MATCH = YES;
				CODE_SIGN_IDENTITY = "iPhone Developer";
				COPY_PHASE_STRIP = NO;
				DEBUG_INFORMATION_FORMAT = dwarf;
				ENABLE_STRICT_OBJC_MSGSEND = YES;
				ENABLE_TESTABILITY = YES;
				GCC_C_LANGUAGE_STANDARD = gnu11;
				GCC_DYNAMIC_NO_PIC = NO;
				GCC_NO_COMMON_BLOCKS = YES;
				GCC_OPTIMIZATION_LEVEL = 0;
				GCC_PREPROCESSOR_DEFINITIONS = (
					"DEBUG=1",
					"$(inherited)",
				);
				GCC_WARN_64_TO_32_BIT_CONVERSION = YES;
				GCC_WARN_ABOUT_RETURN_TYPE = YES_ERROR;
				GCC_WARN_UNDECLARED_SELECTOR = YES;
				GCC_WARN_UNINITIALIZED_AUTOS = YES_AGGRESSIVE;
				GCC_WARN_UNUSED_FUNCTION = YES;
				GCC_WARN_UNUSED_VARIABLE = YES;
				IPHONEOS_DEPLOYMENT_TARGET = 12.2;
				MTL_ENABLE_DEBUG_INFO = INCLUDE_SOURCE;
				MTL_FAST_MATH = YES;
				ONLY_ACTIVE_ARCH = YES;
				SDKROOT = iphoneos;
				SWIFT_ACTIVE_COMPILATION_CONDITIONS = DEBUG;
				SWIFT_OPTIMIZATION_LEVEL = "-Onone";
			};
			name = Debug;
		};
		81057248228B171A004F14C8 /* Release */ = {
			isa = XCBuildConfiguration;
			buildSettings = {
				ALWAYS_SEARCH_USER_PATHS = NO;
				CLANG_ANALYZER_NONNULL = YES;
				CLANG_ANALYZER_NUMBER_OBJECT_CONVERSION = YES_AGGRESSIVE;
				CLANG_CXX_LANGUAGE_STANDARD = "gnu++14";
				CLANG_CXX_LIBRARY = "libc++";
				CLANG_ENABLE_MODULES = YES;
				CLANG_ENABLE_OBJC_ARC = YES;
				CLANG_ENABLE_OBJC_WEAK = YES;
				CLANG_WARN_BLOCK_CAPTURE_AUTORELEASING = YES;
				CLANG_WARN_BOOL_CONVERSION = YES;
				CLANG_WARN_COMMA = YES;
				CLANG_WARN_CONSTANT_CONVERSION = YES;
				CLANG_WARN_DEPRECATED_OBJC_IMPLEMENTATIONS = YES;
				CLANG_WARN_DIRECT_OBJC_ISA_USAGE = YES_ERROR;
				CLANG_WARN_DOCUMENTATION_COMMENTS = YES;
				CLANG_WARN_EMPTY_BODY = YES;
				CLANG_WARN_ENUM_CONVERSION = YES;
				CLANG_WARN_INFINITE_RECURSION = YES;
				CLANG_WARN_INT_CONVERSION = YES;
				CLANG_WARN_NON_LITERAL_NULL_CONVERSION = YES;
				CLANG_WARN_OBJC_IMPLICIT_RETAIN_SELF = YES;
				CLANG_WARN_OBJC_LITERAL_CONVERSION = YES;
				CLANG_WARN_OBJC_ROOT_CLASS = YES_ERROR;
				CLANG_WARN_RANGE_LOOP_ANALYSIS = YES;
				CLANG_WARN_STRICT_PROTOTYPES = YES;
				CLANG_WARN_SUSPICIOUS_MOVE = YES;
				CLANG_WARN_UNGUARDED_AVAILABILITY = YES_AGGRESSIVE;
				CLANG_WARN_UNREACHABLE_CODE = YES;
				CLANG_WARN__DUPLICATE_METHOD_MATCH = YES;
				CODE_SIGN_IDENTITY = "iPhone Developer";
				COPY_PHASE_STRIP = NO;
				DEBUG_INFORMATION_FORMAT = "dwarf-with-dsym";
				ENABLE_NS_ASSERTIONS = NO;
				ENABLE_STRICT_OBJC_MSGSEND = YES;
				GCC_C_LANGUAGE_STANDARD = gnu11;
				GCC_NO_COMMON_BLOCKS = YES;
				GCC_WARN_64_TO_32_BIT_CONVERSION = YES;
				GCC_WARN_ABOUT_RETURN_TYPE = YES_ERROR;
				GCC_WARN_UNDECLARED_SELECTOR = YES;
				GCC_WARN_UNINITIALIZED_AUTOS = YES_AGGRESSIVE;
				GCC_WARN_UNUSED_FUNCTION = YES;
				GCC_WARN_UNUSED_VARIABLE = YES;
				IPHONEOS_DEPLOYMENT_TARGET = 12.2;
				MTL_ENABLE_DEBUG_INFO = NO;
				MTL_FAST_MATH = YES;
				SDKROOT = iphoneos;
				SWIFT_COMPILATION_MODE = wholemodule;
				SWIFT_OPTIMIZATION_LEVEL = "-O";
				VALIDATE_PRODUCT = YES;
			};
			name = Release;
		};
		8105724A228B171A004F14C8 /* Debug */ = {
			isa = XCBuildConfiguration;
			buildSettings = {
				ASSETCATALOG_COMPILER_APPICON_NAME = AppIcon;
				CODE_SIGN_STYLE = Automatic;
				INFOPLIST_FILE = SideMenuClosure/Info.plist;
				LD_RUNPATH_SEARCH_PATHS = (
					"$(inherited)",
					"@executable_path/Frameworks",
				);
				PRODUCT_BUNDLE_IDENTIFIER = cherry.SideMenuClosure;
				PRODUCT_NAME = "$(TARGET_NAME)";
				SWIFT_VERSION = 5.0;
				TARGETED_DEVICE_FAMILY = "1,2";
			};
			name = Debug;
		};
		8105724B228B171A004F14C8 /* Release */ = {
			isa = XCBuildConfiguration;
			buildSettings = {
				ASSETCATALOG_COMPILER_APPICON_NAME = AppIcon;
				CODE_SIGN_STYLE = Automatic;
				INFOPLIST_FILE = SideMenuClosure/Info.plist;
				LD_RUNPATH_SEARCH_PATHS = (
					"$(inherited)",
					"@executable_path/Frameworks",
				);
				PRODUCT_BUNDLE_IDENTIFIER = cherry.SideMenuClosure;
				PRODUCT_NAME = "$(TARGET_NAME)";
				SWIFT_VERSION = 5.0;
				TARGETED_DEVICE_FAMILY = "1,2";
			};
			name = Release;
		};
/* End XCBuildConfiguration section */

/* Begin XCConfigurationList section */
		81057232228B1719004F14C8 /* Build configuration list for PBXProject "SideMenuClosure" */ = {
			isa = XCConfigurationList;
			buildConfigurations = (
				81057247228B171A004F14C8 /* Debug */,
				81057248228B171A004F14C8 /* Release */,
			);
			defaultConfigurationIsVisible = 0;
			defaultConfigurationName = Release;
		};
		81057249228B171A004F14C8 /* Build configuration list for PBXNativeTarget "SideMenuClosure" */ = {
			isa = XCConfigurationList;
			buildConfigurations = (
				8105724A228B171A004F14C8 /* Debug */,
				8105724B228B171A004F14C8 /* Release */,
			);
			defaultConfigurationIsVisible = 0;
			defaultConfigurationName = Release;
		};
/* End XCConfigurationList section */
	};
	rootObject = 8105722F228B1719004F14C8 /* Project object */;
}
